// !$*UTF8*$!
{
	archiveVersion = 1;
	classes = {
	};
	objectVersion = 55;
	objects = {

/* Begin PBXBuildFile section */
		B73AFCE5274CD45F00D501C4 /* CartView.swift in Sources */ = {isa = PBXBuildFile; fileRef = B73AFCE4274CD45F00D501C4 /* CartView.swift */; };
		B73AFCE7274CD54700D501C4 /* CourseRow.swift in Sources */ = {isa = PBXBuildFile; fileRef = B73AFCE6274CD54700D501C4 /* CourseRow.swift */; };
		B73AFCE9274D03E900D501C4 /* Extensions.swift in Sources */ = {isa = PBXBuildFile; fileRef = B73AFCE8274D03E900D501C4 /* Extensions.swift */; };
		B73AFCEC274D12B400D501C4 /* WishtlistView.swift in Sources */ = {isa = PBXBuildFile; fileRef = B73AFCEB274D12B400D501C4 /* WishtlistView.swift */; };
		B73AFCF0274D1EBB00D501C4 /* ProfileView.swift in Sources */ = {isa = PBXBuildFile; fileRef = B73AFCEF274D1EBB00D501C4 /* ProfileView.swift */; };
		B76E353D274E26A100AA242C /* ImagePicker+UIViewControllerRepresentable.swift in Sources */ = {isa = PBXBuildFile; fileRef = B76E353C274E26A100AA242C /* ImagePicker+UIViewControllerRepresentable.swift */; };
		B76E3540274E26D900AA242C /* ProfileModel.swift in Sources */ = {isa = PBXBuildFile; fileRef = B76E353F274E26D900AA242C /* ProfileModel.swift */; };
		B76E3543274E567200AA242C /* NetworkManager.swift in Sources */ = {isa = PBXBuildFile; fileRef = B76E3542274E567200AA242C /* NetworkManager.swift */; };
		B76E3545274E579000AA242C /* ViewModelFactory.swift in Sources */ = {isa = PBXBuildFile; fileRef = B76E3544274E579000AA242C /* ViewModelFactory.swift */; };
		B76E3547274E58E800AA242C /* APIDatamodel.swift in Sources */ = {isa = PBXBuildFile; fileRef = B76E3546274E58E800AA242C /* APIDatamodel.swift */; };
		B76E354A274E6E7F00AA242C /* CoreDataController.swift in Sources */ = {isa = PBXBuildFile; fileRef = B76E3549274E6E7F00AA242C /* CoreDataController.swift */; };
		B76E354C274E76D700AA242C /* User+CoreData.swift in Sources */ = {isa = PBXBuildFile; fileRef = B76E354B274E76D700AA242C /* User+CoreData.swift */; };
		B793B295274B937000319978 /* e_learningApp.swift in Sources */ = {isa = PBXBuildFile; fileRef = B793B294274B937000319978 /* e_learningApp.swift */; };
		B793B299274B937300319978 /* Assets.xcassets in Resources */ = {isa = PBXBuildFile; fileRef = B793B298274B937300319978 /* Assets.xcassets */; };
		B793B29C274B937300319978 /* Preview Assets.xcassets in Resources */ = {isa = PBXBuildFile; fileRef = B793B29B274B937300319978 /* Preview Assets.xcassets */; };
		B793B2A1274B937300319978 /* e_learning.xcdatamodeld in Sources */ = {isa = PBXBuildFile; fileRef = B793B29F274B937300319978 /* e_learning.xcdatamodeld */; };
		B793B2AB274B937300319978 /* e_learningTests.swift in Sources */ = {isa = PBXBuildFile; fileRef = B793B2AA274B937300319978 /* e_learningTests.swift */; };
		B793B2B5274B937300319978 /* e_learningUITests.swift in Sources */ = {isa = PBXBuildFile; fileRef = B793B2B4274B937300319978 /* e_learningUITests.swift */; };
		B793B2B7274B937300319978 /* e_learningUITestsLaunchTests.swift in Sources */ = {isa = PBXBuildFile; fileRef = B793B2B6274B937300319978 /* e_learningUITestsLaunchTests.swift */; };
		B793B2C8274B957500319978 /* LoginView.swift in Sources */ = {isa = PBXBuildFile; fileRef = B793B2C7274B957500319978 /* LoginView.swift */; };
		B793B2CD274B9A7D00319978 /* ViewModifiers.swift in Sources */ = {isa = PBXBuildFile; fileRef = B793B2CC274B9A7D00319978 /* ViewModifiers.swift */; };
		B793B2CF274BA06700319978 /* LoginViewModel.swift in Sources */ = {isa = PBXBuildFile; fileRef = B793B2CE274BA06700319978 /* LoginViewModel.swift */; };
		B793B2D5274BB3C200319978 /* HomeView.swift in Sources */ = {isa = PBXBuildFile; fileRef = B793B2D4274BB3C200319978 /* HomeView.swift */; };
		B793B2D7274BB4C100319978 /* LoginViewModelTests.swift in Sources */ = {isa = PBXBuildFile; fileRef = B793B2D6274BB4C100319978 /* LoginViewModelTests.swift */; };
		B793B2DB274BB68500319978 /* CoursesView.swift in Sources */ = {isa = PBXBuildFile; fileRef = B793B2DA274BB68500319978 /* CoursesView.swift */; };
		B793B2DD274BBA4100319978 /* NavBar.swift in Sources */ = {isa = PBXBuildFile; fileRef = B793B2DC274BBA4100319978 /* NavBar.swift */; };
		B793B2E1274BBADC00319978 /* CoursesViewModel.swift in Sources */ = {isa = PBXBuildFile; fileRef = B793B2E0274BBADC00319978 /* CoursesViewModel.swift */; };
		B793B2E4274BBB1D00319978 /* CoursesModel.swift in Sources */ = {isa = PBXBuildFile; fileRef = B793B2E3274BBB1D00319978 /* CoursesModel.swift */; };
		B793B2E6274BC2FD00319978 /* CourseDetailView.swift in Sources */ = {isa = PBXBuildFile; fileRef = B793B2E5274BC2FD00319978 /* CourseDetailView.swift */; };
/* End PBXBuildFile section */

/* Begin PBXContainerItemProxy section */
		B793B2A7274B937300319978 /* PBXContainerItemProxy */ = {
			isa = PBXContainerItemProxy;
			containerPortal = B793B289274B937000319978 /* Project object */;
			proxyType = 1;
			remoteGlobalIDString = B793B290274B937000319978;
			remoteInfo = "e-learning";
		};
		B793B2B1274B937300319978 /* PBXContainerItemProxy */ = {
			isa = PBXContainerItemProxy;
			containerPortal = B793B289274B937000319978 /* Project object */;
			proxyType = 1;
			remoteGlobalIDString = B793B290274B937000319978;
			remoteInfo = "e-learning";
		};
/* End PBXContainerItemProxy section */

/* Begin PBXFileReference section */
		B73AFCE4274CD45F00D501C4 /* CartView.swift */ = {isa = PBXFileReference; lastKnownFileType = sourcecode.swift; path = CartView.swift; sourceTree = "<group>"; };
		B73AFCE6274CD54700D501C4 /* CourseRow.swift */ = {isa = PBXFileReference; lastKnownFileType = sourcecode.swift; path = CourseRow.swift; sourceTree = "<group>"; };
		B73AFCE8274D03E900D501C4 /* Extensions.swift */ = {isa = PBXFileReference; lastKnownFileType = sourcecode.swift; path = Extensions.swift; sourceTree = "<group>"; };
		B73AFCEB274D12B400D501C4 /* WishtlistView.swift */ = {isa = PBXFileReference; lastKnownFileType = sourcecode.swift; path = WishtlistView.swift; sourceTree = "<group>"; };
		B73AFCEF274D1EBB00D501C4 /* ProfileView.swift */ = {isa = PBXFileReference; lastKnownFileType = sourcecode.swift; path = ProfileView.swift; sourceTree = "<group>"; };
		B76E353C274E26A100AA242C /* ImagePicker+UIViewControllerRepresentable.swift */ = {isa = PBXFileReference; lastKnownFileType = sourcecode.swift; path = "ImagePicker+UIViewControllerRepresentable.swift"; sourceTree = "<group>"; };
		B76E353F274E26D900AA242C /* ProfileModel.swift */ = {isa = PBXFileReference; lastKnownFileType = sourcecode.swift; path = ProfileModel.swift; sourceTree = "<group>"; };
		B76E3542274E567200AA242C /* NetworkManager.swift */ = {isa = PBXFileReference; lastKnownFileType = sourcecode.swift; path = NetworkManager.swift; sourceTree = "<group>"; };
		B76E3544274E579000AA242C /* ViewModelFactory.swift */ = {isa = PBXFileReference; lastKnownFileType = sourcecode.swift; path = ViewModelFactory.swift; sourceTree = "<group>"; };
		B76E3546274E58E800AA242C /* APIDatamodel.swift */ = {isa = PBXFileReference; lastKnownFileType = sourcecode.swift; path = APIDatamodel.swift; sourceTree = "<group>"; };
		B76E3549274E6E7F00AA242C /* CoreDataController.swift */ = {isa = PBXFileReference; lastKnownFileType = sourcecode.swift; path = CoreDataController.swift; sourceTree = "<group>"; };
		B76E354B274E76D700AA242C /* User+CoreData.swift */ = {isa = PBXFileReference; lastKnownFileType = sourcecode.swift; path = "User+CoreData.swift"; sourceTree = "<group>"; };
		B793B291274B937000319978 /* e-learning.app */ = {isa = PBXFileReference; explicitFileType = wrapper.application; includeInIndex = 0; path = "e-learning.app"; sourceTree = BUILT_PRODUCTS_DIR; };
		B793B294274B937000319978 /* e_learningApp.swift */ = {isa = PBXFileReference; lastKnownFileType = sourcecode.swift; path = e_learningApp.swift; sourceTree = "<group>"; };
		B793B298274B937300319978 /* Assets.xcassets */ = {isa = PBXFileReference; lastKnownFileType = folder.assetcatalog; path = Assets.xcassets; sourceTree = "<group>"; };
		B793B29B274B937300319978 /* Preview Assets.xcassets */ = {isa = PBXFileReference; lastKnownFileType = folder.assetcatalog; path = "Preview Assets.xcassets"; sourceTree = "<group>"; };
		B793B2A0274B937300319978 /* e_learning.xcdatamodel */ = {isa = PBXFileReference; lastKnownFileType = wrapper.xcdatamodel; path = e_learning.xcdatamodel; sourceTree = "<group>"; };
		B793B2A6274B937300319978 /* e-learningTests.xctest */ = {isa = PBXFileReference; explicitFileType = wrapper.cfbundle; includeInIndex = 0; path = "e-learningTests.xctest"; sourceTree = BUILT_PRODUCTS_DIR; };
		B793B2AA274B937300319978 /* e_learningTests.swift */ = {isa = PBXFileReference; lastKnownFileType = sourcecode.swift; path = e_learningTests.swift; sourceTree = "<group>"; };
		B793B2B0274B937300319978 /* e-learningUITests.xctest */ = {isa = PBXFileReference; explicitFileType = wrapper.cfbundle; includeInIndex = 0; path = "e-learningUITests.xctest"; sourceTree = BUILT_PRODUCTS_DIR; };
		B793B2B4274B937300319978 /* e_learningUITests.swift */ = {isa = PBXFileReference; lastKnownFileType = sourcecode.swift; path = e_learningUITests.swift; sourceTree = "<group>"; };
		B793B2B6274B937300319978 /* e_learningUITestsLaunchTests.swift */ = {isa = PBXFileReference; lastKnownFileType = sourcecode.swift; path = e_learningUITestsLaunchTests.swift; sourceTree = "<group>"; };
		B793B2C7274B957500319978 /* LoginView.swift */ = {isa = PBXFileReference; lastKnownFileType = sourcecode.swift; path = LoginView.swift; sourceTree = "<group>"; };
		B793B2CC274B9A7D00319978 /* ViewModifiers.swift */ = {isa = PBXFileReference; lastKnownFileType = sourcecode.swift; path = ViewModifiers.swift; sourceTree = "<group>"; };
		B793B2CE274BA06700319978 /* LoginViewModel.swift */ = {isa = PBXFileReference; lastKnownFileType = sourcecode.swift; path = LoginViewModel.swift; sourceTree = "<group>"; };
		B793B2D4274BB3C200319978 /* HomeView.swift */ = {isa = PBXFileReference; lastKnownFileType = sourcecode.swift; path = HomeView.swift; sourceTree = "<group>"; };
		B793B2D6274BB4C100319978 /* LoginViewModelTests.swift */ = {isa = PBXFileReference; lastKnownFileType = sourcecode.swift; path = LoginViewModelTests.swift; sourceTree = "<group>"; };
		B793B2DA274BB68500319978 /* CoursesView.swift */ = {isa = PBXFileReference; lastKnownFileType = sourcecode.swift; path = CoursesView.swift; sourceTree = "<group>"; };
		B793B2DC274BBA4100319978 /* NavBar.swift */ = {isa = PBXFileReference; lastKnownFileType = sourcecode.swift; path = NavBar.swift; sourceTree = "<group>"; };
		B793B2E0274BBADC00319978 /* CoursesViewModel.swift */ = {isa = PBXFileReference; lastKnownFileType = sourcecode.swift; path = CoursesViewModel.swift; sourceTree = "<group>"; };
		B793B2E3274BBB1D00319978 /* CoursesModel.swift */ = {isa = PBXFileReference; lastKnownFileType = sourcecode.swift; path = CoursesModel.swift; sourceTree = "<group>"; };
		B793B2E5274BC2FD00319978 /* CourseDetailView.swift */ = {isa = PBXFileReference; lastKnownFileType = sourcecode.swift; path = CourseDetailView.swift; sourceTree = "<group>"; };
/* End PBXFileReference section */

/* Begin PBXFrameworksBuildPhase section */
		B793B28E274B937000319978 /* Frameworks */ = {
			isa = PBXFrameworksBuildPhase;
			buildActionMask = 2147483647;
			files = (
			);
			runOnlyForDeploymentPostprocessing = 0;
		};
		B793B2A3274B937300319978 /* Frameworks */ = {
			isa = PBXFrameworksBuildPhase;
			buildActionMask = 2147483647;
			files = (
			);
			runOnlyForDeploymentPostprocessing = 0;
		};
		B793B2AD274B937300319978 /* Frameworks */ = {
			isa = PBXFrameworksBuildPhase;
			buildActionMask = 2147483647;
			files = (
			);
			runOnlyForDeploymentPostprocessing = 0;
		};
/* End PBXFrameworksBuildPhase section */

/* Begin PBXGroup section */
		B73AFCE3274CD45100D501C4 /* Cart */ = {
			isa = PBXGroup;
			children = (
				B73AFCE4274CD45F00D501C4 /* CartView.swift */,
			);
			path = Cart;
			sourceTree = "<group>";
		};
		B73AFCEA274D12A300D501C4 /* Wishlist */ = {
			isa = PBXGroup;
			children = (
				B73AFCEB274D12B400D501C4 /* WishtlistView.swift */,
			);
			path = Wishlist;
			sourceTree = "<group>";
		};
		B73AFCED274D1EA700D501C4 /* Profile */ = {
			isa = PBXGroup;
			children = (
				B76E353E274E26BF00AA242C /* Model */,
				B73AFCEE274D1EAE00D501C4 /* View */,
			);
			path = Profile;
			sourceTree = "<group>";
		};
		B73AFCEE274D1EAE00D501C4 /* View */ = {
			isa = PBXGroup;
			children = (
				B73AFCEF274D1EBB00D501C4 /* ProfileView.swift */,
			);
			path = View;
			sourceTree = "<group>";
		};
		B76E353E274E26BF00AA242C /* Model */ = {
			isa = PBXGroup;
			children = (
				B76E353F274E26D900AA242C /* ProfileModel.swift */,
			);
			path = Model;
			sourceTree = "<group>";
		};
		B76E3541274E563B00AA242C /* Network */ = {
			isa = PBXGroup;
			children = (
				B76E3542274E567200AA242C /* NetworkManager.swift */,
			);
			path = Network;
			sourceTree = "<group>";
		};
		B76E3548274E6E5100AA242C /* Storage */ = {
			isa = PBXGroup;
			children = (
				B793B29F274B937300319978 /* e_learning.xcdatamodeld */,
				B76E3549274E6E7F00AA242C /* CoreDataController.swift */,
				B76E354B274E76D700AA242C /* User+CoreData.swift */,
			);
			path = Storage;
			sourceTree = "<group>";
		};
		B793B288274B937000319978 = {
			isa = PBXGroup;
			children = (
				B793B293274B937000319978 /* e-learning */,
				B793B2A9274B937300319978 /* e-learningTests */,
				B793B2B3274B937300319978 /* e-learningUITests */,
				B793B292274B937000319978 /* Products */,
			);
			sourceTree = "<group>";
		};
		B793B292274B937000319978 /* Products */ = {
			isa = PBXGroup;
			children = (
				B793B291274B937000319978 /* e-learning.app */,
				B793B2A6274B937300319978 /* e-learningTests.xctest */,
				B793B2B0274B937300319978 /* e-learningUITests.xctest */,
			);
			name = Products;
			sourceTree = "<group>";
		};
		B793B293274B937000319978 /* e-learning */ = {
			isa = PBXGroup;
			children = (
				B793B2C3274B94F900319978 /* Login */,
				B793B2D0274BB37D00319978 /* Home */,
				B793B2D8274BB66C00319978 /* Courses */,
				B73AFCED274D1EA700D501C4 /* Profile */,
				B76E3548274E6E5100AA242C /* Storage */,
				B76E3541274E563B00AA242C /* Network */,
				B793B2C9274B9A1600319978 /* Utilities */,
				B793B294274B937000319978 /* e_learningApp.swift */,
				B793B298274B937300319978 /* Assets.xcassets */,
				B793B29A274B937300319978 /* Preview Content */,
			);
			path = "e-learning";
			sourceTree = "<group>";
		};
		B793B29A274B937300319978 /* Preview Content */ = {
			isa = PBXGroup;
			children = (
				B793B29B274B937300319978 /* Preview Assets.xcassets */,
			);
			path = "Preview Content";
			sourceTree = "<group>";
		};
		B793B2A9274B937300319978 /* e-learningTests */ = {
			isa = PBXGroup;
			children = (
				B793B2AA274B937300319978 /* e_learningTests.swift */,
				B793B2D6274BB4C100319978 /* LoginViewModelTests.swift */,
			);
			path = "e-learningTests";
			sourceTree = "<group>";
		};
		B793B2B3274B937300319978 /* e-learningUITests */ = {
			isa = PBXGroup;
			children = (
				B793B2B4274B937300319978 /* e_learningUITests.swift */,
				B793B2B6274B937300319978 /* e_learningUITestsLaunchTests.swift */,
			);
			path = "e-learningUITests";
			sourceTree = "<group>";
		};
		B793B2C3274B94F900319978 /* Login */ = {
			isa = PBXGroup;
			children = (
				B793B2C4274B950600319978 /* Model */,
				B793B2C5274B951700319978 /* ViewModel */,
				B793B2C6274B952200319978 /* View */,
			);
			path = Login;
			sourceTree = "<group>";
		};
		B793B2C4274B950600319978 /* Model */ = {
			isa = PBXGroup;
			children = (
			);
			path = Model;
			sourceTree = "<group>";
		};
		B793B2C5274B951700319978 /* ViewModel */ = {
			isa = PBXGroup;
			children = (
				B793B2CE274BA06700319978 /* LoginViewModel.swift */,
			);
			path = ViewModel;
			sourceTree = "<group>";
		};
		B793B2C6274B952200319978 /* View */ = {
			isa = PBXGroup;
			children = (
				B793B2C7274B957500319978 /* LoginView.swift */,
			);
			path = View;
			sourceTree = "<group>";
		};
		B793B2C9274B9A1600319978 /* Utilities */ = {
			isa = PBXGroup;
			children = (
				B793B2CC274B9A7D00319978 /* ViewModifiers.swift */,
				B793B2DC274BBA4100319978 /* NavBar.swift */,
				B73AFCE8274D03E900D501C4 /* Extensions.swift */,
				B76E353C274E26A100AA242C /* ImagePicker+UIViewControllerRepresentable.swift */,
				B76E3544274E579000AA242C /* ViewModelFactory.swift */,
				B76E3546274E58E800AA242C /* APIDatamodel.swift */,
			);
			path = Utilities;
			sourceTree = "<group>";
		};
		B793B2D0274BB37D00319978 /* Home */ = {
			isa = PBXGroup;
			children = (
				B793B2D1274BB38C00319978 /* Model */,
				B793B2D2274BB39200319978 /* ViewModel */,
				B793B2D3274BB39C00319978 /* View */,
			);
			path = Home;
			sourceTree = "<group>";
		};
		B793B2D1274BB38C00319978 /* Model */ = {
			isa = PBXGroup;
			children = (
			);
			path = Model;
			sourceTree = "<group>";
		};
		B793B2D2274BB39200319978 /* ViewModel */ = {
			isa = PBXGroup;
			children = (
			);
			path = ViewModel;
			sourceTree = "<group>";
		};
		B793B2D3274BB39C00319978 /* View */ = {
			isa = PBXGroup;
			children = (
				B793B2D4274BB3C200319978 /* HomeView.swift */,
			);
			path = View;
			sourceTree = "<group>";
		};
		B793B2D8274BB66C00319978 /* Courses */ = {
			isa = PBXGroup;
			children = (
				B79809B7274F734800C58600 /* CourseDetail */,
				B79809B6274F732500C58600 /* CourseDashboard */,
				B73AFCEA274D12A300D501C4 /* Wishlist */,
				B73AFCE3274CD45100D501C4 /* Cart */,
			);
			path = Courses;
			sourceTree = "<group>";
		};
		B793B2D9274BB67700319978 /* View */ = {
			isa = PBXGroup;
			children = (
				B793B2DA274BB68500319978 /* CoursesView.swift */,
				B73AFCE6274CD54700D501C4 /* CourseRow.swift */,
			);
			path = View;
			sourceTree = "<group>";
		};
		B793B2DF274BBACC00319978 /* ViewModel */ = {
			isa = PBXGroup;
			children = (
				B793B2E0274BBADC00319978 /* CoursesViewModel.swift */,
			);
			path = ViewModel;
			sourceTree = "<group>";
		};
		B793B2E2274BBB0A00319978 /* Model */ = {
			isa = PBXGroup;
			children = (
				B793B2E3274BBB1D00319978 /* CoursesModel.swift */,
			);
			path = Model;
			sourceTree = "<group>";
		};
		B79809B6274F732500C58600 /* CourseDashboard */ = {
			isa = PBXGroup;
			children = (
				B793B2E2274BBB0A00319978 /* Model */,
				B793B2DF274BBACC00319978 /* ViewModel */,
				B793B2D9274BB67700319978 /* View */,
			);
			path = CourseDashboard;
			sourceTree = "<group>";
		};
		B79809B7274F734800C58600 /* CourseDetail */ = {
			isa = PBXGroup;
			children = (
				B793B2E5274BC2FD00319978 /* CourseDetailView.swift */,
			);
			path = CourseDetail;
			sourceTree = "<group>";
		};
/* End PBXGroup section */

/* Begin PBXNativeTarget section */
		B793B290274B937000319978 /* e-learning */ = {
			isa = PBXNativeTarget;
			buildConfigurationList = B793B2BA274B937300319978 /* Build configuration list for PBXNativeTarget "e-learning" */;
			buildPhases = (
				B793B28D274B937000319978 /* Sources */,
				B793B28E274B937000319978 /* Frameworks */,
				B793B28F274B937000319978 /* Resources */,
			);
			buildRules = (
			);
			dependencies = (
			);
			name = "e-learning";
			productName = "e-learning";
			productReference = B793B291274B937000319978 /* e-learning.app */;
			productType = "com.apple.product-type.application";
		};
		B793B2A5274B937300319978 /* e-learningTests */ = {
			isa = PBXNativeTarget;
			buildConfigurationList = B793B2BD274B937300319978 /* Build configuration list for PBXNativeTarget "e-learningTests" */;
			buildPhases = (
				B793B2A2274B937300319978 /* Sources */,
				B793B2A3274B937300319978 /* Frameworks */,
				B793B2A4274B937300319978 /* Resources */,
			);
			buildRules = (
			);
			dependencies = (
				B793B2A8274B937300319978 /* PBXTargetDependency */,
			);
			name = "e-learningTests";
			productName = "e-learningTests";
			productReference = B793B2A6274B937300319978 /* e-learningTests.xctest */;
			productType = "com.apple.product-type.bundle.unit-test";
		};
		B793B2AF274B937300319978 /* e-learningUITests */ = {
			isa = PBXNativeTarget;
			buildConfigurationList = B793B2C0274B937300319978 /* Build configuration list for PBXNativeTarget "e-learningUITests" */;
			buildPhases = (
				B793B2AC274B937300319978 /* Sources */,
				B793B2AD274B937300319978 /* Frameworks */,
				B793B2AE274B937300319978 /* Resources */,
			);
			buildRules = (
			);
			dependencies = (
				B793B2B2274B937300319978 /* PBXTargetDependency */,
			);
			name = "e-learningUITests";
			productName = "e-learningUITests";
			productReference = B793B2B0274B937300319978 /* e-learningUITests.xctest */;
			productType = "com.apple.product-type.bundle.ui-testing";
		};
/* End PBXNativeTarget section */

/* Begin PBXProject section */
		B793B289274B937000319978 /* Project object */ = {
			isa = PBXProject;
			attributes = {
				BuildIndependentTargetsInParallel = 1;
				LastSwiftUpdateCheck = 1310;
				LastUpgradeCheck = 1310;
				TargetAttributes = {
					B793B290274B937000319978 = {
						CreatedOnToolsVersion = 13.1;
					};
					B793B2A5274B937300319978 = {
						CreatedOnToolsVersion = 13.1;
						TestTargetID = B793B290274B937000319978;
					};
					B793B2AF274B937300319978 = {
						CreatedOnToolsVersion = 13.1;
						TestTargetID = B793B290274B937000319978;
					};
				};
			};
			buildConfigurationList = B793B28C274B937000319978 /* Build configuration list for PBXProject "e-learning" */;
			compatibilityVersion = "Xcode 13.0";
			developmentRegion = en;
			hasScannedForEncodings = 0;
			knownRegions = (
				en,
				Base,
			);
			mainGroup = B793B288274B937000319978;
			productRefGroup = B793B292274B937000319978 /* Products */;
			projectDirPath = "";
			projectRoot = "";
			targets = (
				B793B290274B937000319978 /* e-learning */,
				B793B2A5274B937300319978 /* e-learningTests */,
				B793B2AF274B937300319978 /* e-learningUITests */,
			);
		};
/* End PBXProject section */

/* Begin PBXResourcesBuildPhase section */
		B793B28F274B937000319978 /* Resources */ = {
			isa = PBXResourcesBuildPhase;
			buildActionMask = 2147483647;
			files = (
				B793B29C274B937300319978 /* Preview Assets.xcassets in Resources */,
				B793B299274B937300319978 /* Assets.xcassets in Resources */,
			);
			runOnlyForDeploymentPostprocessing = 0;
		};
		B793B2A4274B937300319978 /* Resources */ = {
			isa = PBXResourcesBuildPhase;
			buildActionMask = 2147483647;
			files = (
			);
			runOnlyForDeploymentPostprocessing = 0;
		};
		B793B2AE274B937300319978 /* Resources */ = {
			isa = PBXResourcesBuildPhase;
			buildActionMask = 2147483647;
			files = (
			);
			runOnlyForDeploymentPostprocessing = 0;
		};
/* End PBXResourcesBuildPhase section */

/* Begin PBXSourcesBuildPhase section */
		B793B28D274B937000319978 /* Sources */ = {
			isa = PBXSourcesBuildPhase;
			buildActionMask = 2147483647;
			files = (
				B76E354A274E6E7F00AA242C /* CoreDataController.swift in Sources */,
				B793B295274B937000319978 /* e_learningApp.swift in Sources */,
				B76E354C274E76D700AA242C /* User+CoreData.swift in Sources */,
				B76E3543274E567200AA242C /* NetworkManager.swift in Sources */,
				B793B2CD274B9A7D00319978 /* ViewModifiers.swift in Sources */,
				B73AFCE7274CD54700D501C4 /* CourseRow.swift in Sources */,
				B793B2E1274BBADC00319978 /* CoursesViewModel.swift in Sources */,
				B76E3545274E579000AA242C /* ViewModelFactory.swift in Sources */,
				B76E353D274E26A100AA242C /* ImagePicker+UIViewControllerRepresentable.swift in Sources */,
				B793B2C8274B957500319978 /* LoginView.swift in Sources */,
				B793B2DD274BBA4100319978 /* NavBar.swift in Sources */,
				B793B2E6274BC2FD00319978 /* CourseDetailView.swift in Sources */,
				B73AFCE5274CD45F00D501C4 /* CartView.swift in Sources */,
				B73AFCF0274D1EBB00D501C4 /* ProfileView.swift in Sources */,
				B76E3547274E58E800AA242C /* APIDatamodel.swift in Sources */,
				B73AFCEC274D12B400D501C4 /* WishtlistView.swift in Sources */,
				B793B2D5274BB3C200319978 /* HomeView.swift in Sources */,
				B73AFCE9274D03E900D501C4 /* Extensions.swift in Sources */,
				B76E3540274E26D900AA242C /* ProfileModel.swift in Sources */,
				B793B2A1274B937300319978 /* e_learning.xcdatamodeld in Sources */,
				B793B2CF274BA06700319978 /* LoginViewModel.swift in Sources */,
				B793B2E4274BBB1D00319978 /* CoursesModel.swift in Sources */,
				B793B2DB274BB68500319978 /* CoursesView.swift in Sources */,
			);
			runOnlyForDeploymentPostprocessing = 0;
		};
		B793B2A2274B937300319978 /* Sources */ = {
			isa = PBXSourcesBuildPhase;
			buildActionMask = 2147483647;
			files = (
				B793B2D7274BB4C100319978 /* LoginViewModelTests.swift in Sources */,
				B793B2AB274B937300319978 /* e_learningTests.swift in Sources */,
			);
			runOnlyForDeploymentPostprocessing = 0;
		};
		B793B2AC274B937300319978 /* Sources */ = {
			isa = PBXSourcesBuildPhase;
			buildActionMask = 2147483647;
			files = (
				B793B2B7274B937300319978 /* e_learningUITestsLaunchTests.swift in Sources */,
				B793B2B5274B937300319978 /* e_learningUITests.swift in Sources */,
			);
			runOnlyForDeploymentPostprocessing = 0;
		};
/* End PBXSourcesBuildPhase section */

/* Begin PBXTargetDependency section */
		B793B2A8274B937300319978 /* PBXTargetDependency */ = {
			isa = PBXTargetDependency;
			target = B793B290274B937000319978 /* e-learning */;
			targetProxy = B793B2A7274B937300319978 /* PBXContainerItemProxy */;
		};
		B793B2B2274B937300319978 /* PBXTargetDependency */ = {
			isa = PBXTargetDependency;
			target = B793B290274B937000319978 /* e-learning */;
			targetProxy = B793B2B1274B937300319978 /* PBXContainerItemProxy */;
		};
/* End PBXTargetDependency section */

/* Begin XCBuildConfiguration section */
		B793B2B8274B937300319978 /* Debug */ = {
			isa = XCBuildConfiguration;
			buildSettings = {
				ALWAYS_SEARCH_USER_PATHS = NO;
				CLANG_ANALYZER_NONNULL = YES;
				CLANG_ANALYZER_NUMBER_OBJECT_CONVERSION = YES_AGGRESSIVE;
				CLANG_CXX_LANGUAGE_STANDARD = "gnu++17";
				CLANG_CXX_LIBRARY = "libc++";
				CLANG_ENABLE_MODULES = YES;
				CLANG_ENABLE_OBJC_ARC = YES;
				CLANG_ENABLE_OBJC_WEAK = YES;
				CLANG_WARN_BLOCK_CAPTURE_AUTORELEASING = YES;
				CLANG_WARN_BOOL_CONVERSION = YES;
				CLANG_WARN_COMMA = YES;
				CLANG_WARN_CONSTANT_CONVERSION = YES;
				CLANG_WARN_DEPRECATED_OBJC_IMPLEMENTATIONS = YES;
				CLANG_WARN_DIRECT_OBJC_ISA_USAGE = YES_ERROR;
				CLANG_WARN_DOCUMENTATION_COMMENTS = YES;
				CLANG_WARN_EMPTY_BODY = YES;
				CLANG_WARN_ENUM_CONVERSION = YES;
				CLANG_WARN_INFINITE_RECURSION = YES;
				CLANG_WARN_INT_CONVERSION = YES;
				CLANG_WARN_NON_LITERAL_NULL_CONVERSION = YES;
				CLANG_WARN_OBJC_IMPLICIT_RETAIN_SELF = YES;
				CLANG_WARN_OBJC_LITERAL_CONVERSION = YES;
				CLANG_WARN_OBJC_ROOT_CLASS = YES_ERROR;
				CLANG_WARN_QUOTED_INCLUDE_IN_FRAMEWORK_HEADER = YES;
				CLANG_WARN_RANGE_LOOP_ANALYSIS = YES;
				CLANG_WARN_STRICT_PROTOTYPES = YES;
				CLANG_WARN_SUSPICIOUS_MOVE = YES;
				CLANG_WARN_UNGUARDED_AVAILABILITY = YES_AGGRESSIVE;
				CLANG_WARN_UNREACHABLE_CODE = YES;
				CLANG_WARN__DUPLICATE_METHOD_MATCH = YES;
				COPY_PHASE_STRIP = NO;
				DEBUG_INFORMATION_FORMAT = dwarf;
				ENABLE_STRICT_OBJC_MSGSEND = YES;
				ENABLE_TESTABILITY = YES;
				GCC_C_LANGUAGE_STANDARD = gnu11;
				GCC_DYNAMIC_NO_PIC = NO;
				GCC_NO_COMMON_BLOCKS = YES;
				GCC_OPTIMIZATION_LEVEL = 0;
				GCC_PREPROCESSOR_DEFINITIONS = (
					"DEBUG=1",
					"$(inherited)",
				);
				GCC_WARN_64_TO_32_BIT_CONVERSION = YES;
				GCC_WARN_ABOUT_RETURN_TYPE = YES_ERROR;
				GCC_WARN_UNDECLARED_SELECTOR = YES;
				GCC_WARN_UNINITIALIZED_AUTOS = YES_AGGRESSIVE;
				GCC_WARN_UNUSED_FUNCTION = YES;
				GCC_WARN_UNUSED_VARIABLE = YES;
				IPHONEOS_DEPLOYMENT_TARGET = 15.0;
				MTL_ENABLE_DEBUG_INFO = INCLUDE_SOURCE;
				MTL_FAST_MATH = YES;
				ONLY_ACTIVE_ARCH = YES;
				SDKROOT = iphoneos;
				SWIFT_ACTIVE_COMPILATION_CONDITIONS = DEBUG;
				SWIFT_OPTIMIZATION_LEVEL = "-Onone";
			};
			name = Debug;
		};
		B793B2B9274B937300319978 /* Release */ = {
			isa = XCBuildConfiguration;
			buildSettings = {
				ALWAYS_SEARCH_USER_PATHS = NO;
				CLANG_ANALYZER_NONNULL = YES;
				CLANG_ANALYZER_NUMBER_OBJECT_CONVERSION = YES_AGGRESSIVE;
				CLANG_CXX_LANGUAGE_STANDARD = "gnu++17";
				CLANG_CXX_LIBRARY = "libc++";
				CLANG_ENABLE_MODULES = YES;
				CLANG_ENABLE_OBJC_ARC = YES;
				CLANG_ENABLE_OBJC_WEAK = YES;
				CLANG_WARN_BLOCK_CAPTURE_AUTORELEASING = YES;
				CLANG_WARN_BOOL_CONVERSION = YES;
				CLANG_WARN_COMMA = YES;
				CLANG_WARN_CONSTANT_CONVERSION = YES;
				CLANG_WARN_DEPRECATED_OBJC_IMPLEMENTATIONS = YES;
				CLANG_WARN_DIRECT_OBJC_ISA_USAGE = YES_ERROR;
				CLANG_WARN_DOCUMENTATION_COMMENTS = YES;
				CLANG_WARN_EMPTY_BODY = YES;
				CLANG_WARN_ENUM_CONVERSION = YES;
				CLANG_WARN_INFINITE_RECURSION = YES;
				CLANG_WARN_INT_CONVERSION = YES;
				CLANG_WARN_NON_LITERAL_NULL_CONVERSION = YES;
				CLANG_WARN_OBJC_IMPLICIT_RETAIN_SELF = YES;
				CLANG_WARN_OBJC_LITERAL_CONVERSION = YES;
				CLANG_WARN_OBJC_ROOT_CLASS = YES_ERROR;
				CLANG_WARN_QUOTED_INCLUDE_IN_FRAMEWORK_HEADER = YES;
				CLANG_WARN_RANGE_LOOP_ANALYSIS = YES;
				CLANG_WARN_STRICT_PROTOTYPES = YES;
				CLANG_WARN_SUSPICIOUS_MOVE = YES;
				CLANG_WARN_UNGUARDED_AVAILABILITY = YES_AGGRESSIVE;
				CLANG_WARN_UNREACHABLE_CODE = YES;
				CLANG_WARN__DUPLICATE_METHOD_MATCH = YES;
				COPY_PHASE_STRIP = NO;
				DEBUG_INFORMATION_FORMAT = "dwarf-with-dsym";
				ENABLE_NS_ASSERTIONS = NO;
				ENABLE_STRICT_OBJC_MSGSEND = YES;
				GCC_C_LANGUAGE_STANDARD = gnu11;
				GCC_NO_COMMON_BLOCKS = YES;
				GCC_WARN_64_TO_32_BIT_CONVERSION = YES;
				GCC_WARN_ABOUT_RETURN_TYPE = YES_ERROR;
				GCC_WARN_UNDECLARED_SELECTOR = YES;
				GCC_WARN_UNINITIALIZED_AUTOS = YES_AGGRESSIVE;
				GCC_WARN_UNUSED_FUNCTION = YES;
				GCC_WARN_UNUSED_VARIABLE = YES;
				IPHONEOS_DEPLOYMENT_TARGET = 15.0;
				MTL_ENABLE_DEBUG_INFO = NO;
				MTL_FAST_MATH = YES;
				SDKROOT = iphoneos;
				SWIFT_COMPILATION_MODE = wholemodule;
				SWIFT_OPTIMIZATION_LEVEL = "-O";
				VALIDATE_PRODUCT = YES;
			};
			name = Release;
		};
		B793B2BB274B937300319978 /* Debug */ = {
			isa = XCBuildConfiguration;
			buildSettings = {
				ASSETCATALOG_COMPILER_APPICON_NAME = AppIcon;
				ASSETCATALOG_COMPILER_GLOBAL_ACCENT_COLOR_NAME = AccentColor;
				CODE_SIGN_STYLE = Automatic;
				CURRENT_PROJECT_VERSION = 1;
				DEVELOPMENT_ASSET_PATHS = "\"e-learning/Preview Content\"";
				ENABLE_PREVIEWS = YES;
				GENERATE_INFOPLIST_FILE = YES;
				INFOPLIST_KEY_UIApplicationSceneManifest_Generation = YES;
				INFOPLIST_KEY_UIApplicationSupportsIndirectInputEvents = YES;
				INFOPLIST_KEY_UILaunchScreen_Generation = YES;
				INFOPLIST_KEY_UISupportedInterfaceOrientations_iPad = "UIInterfaceOrientationPortrait UIInterfaceOrientationPortraitUpsideDown UIInterfaceOrientationLandscapeLeft UIInterfaceOrientationLandscapeRight";
				INFOPLIST_KEY_UISupportedInterfaceOrientations_iPhone = "UIInterfaceOrientationPortrait UIInterfaceOrientationLandscapeLeft UIInterfaceOrientationLandscapeRight";
				LD_RUNPATH_SEARCH_PATHS = (
					"$(inherited)",
					"@executable_path/Frameworks",
				);
				MARKETING_VERSION = 1.0;
				PRODUCT_BUNDLE_IDENTIFIER = "com.rohinirv.e-learning";
				PRODUCT_NAME = "$(TARGET_NAME)";
				SWIFT_EMIT_LOC_STRINGS = YES;
				SWIFT_VERSION = 5.0;
				TARGETED_DEVICE_FAMILY = "1,2";
			};
			name = Debug;
		};
		B793B2BC274B937300319978 /* Release */ = {
			isa = XCBuildConfiguration;
			buildSettings = {
				ASSETCATALOG_COMPILER_APPICON_NAME = AppIcon;
				ASSETCATALOG_COMPILER_GLOBAL_ACCENT_COLOR_NAME = AccentColor;
				CODE_SIGN_STYLE = Automatic;
				CURRENT_PROJECT_VERSION = 1;
				DEVELOPMENT_ASSET_PATHS = "\"e-learning/Preview Content\"";
				ENABLE_PREVIEWS = YES;
				GENERATE_INFOPLIST_FILE = YES;
				INFOPLIST_KEY_UIApplicationSceneManifest_Generation = YES;
				INFOPLIST_KEY_UIApplicationSupportsIndirectInputEvents = YES;
				INFOPLIST_KEY_UILaunchScreen_Generation = YES;
				INFOPLIST_KEY_UISupportedInterfaceOrientations_iPad = "UIInterfaceOrientationPortrait UIInterfaceOrientationPortraitUpsideDown UIInterfaceOrientationLandscapeLeft UIInterfaceOrientationLandscapeRight";
				INFOPLIST_KEY_UISupportedInterfaceOrientations_iPhone = "UIInterfaceOrientationPortrait UIInterfaceOrientationLandscapeLeft UIInterfaceOrientationLandscapeRight";
				LD_RUNPATH_SEARCH_PATHS = (
					"$(inherited)",
					"@executable_path/Frameworks",
				);
				MARKETING_VERSION = 1.0;
				PRODUCT_BUNDLE_IDENTIFIER = "com.rohinirv.e-learning";
				PRODUCT_NAME = "$(TARGET_NAME)";
				SWIFT_EMIT_LOC_STRINGS = YES;
				SWIFT_VERSION = 5.0;
				TARGETED_DEVICE_FAMILY = "1,2";
			};
			name = Release;
		};
		B793B2BE274B937300319978 /* Debug */ = {
			isa = XCBuildConfiguration;
			buildSettings = {
				ALWAYS_EMBED_SWIFT_STANDARD_LIBRARIES = YES;
				BUNDLE_LOADER = "$(TEST_HOST)";
				CODE_SIGN_STYLE = Automatic;
				CURRENT_PROJECT_VERSION = 1;
				GENERATE_INFOPLIST_FILE = YES;
				IPHONEOS_DEPLOYMENT_TARGET = 15.0;
				LD_RUNPATH_SEARCH_PATHS = (
					"$(inherited)",
					"@executable_path/Frameworks",
					"@loader_path/Frameworks",
				);
				MARKETING_VERSION = 1.0;
				PRODUCT_BUNDLE_IDENTIFIER = "com.rohinirv.e-learningTests";
				PRODUCT_NAME = "$(TARGET_NAME)";
				SWIFT_EMIT_LOC_STRINGS = NO;
				SWIFT_VERSION = 5.0;
				TARGETED_DEVICE_FAMILY = "1,2";
				TEST_HOST = "$(BUILT_PRODUCTS_DIR)/e-learning.app/e-learning";
			};
			name = Debug;
		};
		B793B2BF274B937300319978 /* Release */ = {
			isa = XCBuildConfiguration;
			buildSettings = {
				ALWAYS_EMBED_SWIFT_STANDARD_LIBRARIES = YES;
				BUNDLE_LOADER = "$(TEST_HOST)";
				CODE_SIGN_STYLE = Automatic;
				CURRENT_PROJECT_VERSION = 1;
				GENERATE_INFOPLIST_FILE = YES;
				IPHONEOS_DEPLOYMENT_TARGET = 15.0;
				LD_RUNPATH_SEARCH_PATHS = (
					"$(inherited)",
					"@executable_path/Frameworks",
					"@loader_path/Frameworks",
				);
				MARKETING_VERSION = 1.0;
				PRODUCT_BUNDLE_IDENTIFIER = "com.rohinirv.e-learningTests";
				PRODUCT_NAME = "$(TARGET_NAME)";
				SWIFT_EMIT_LOC_STRINGS = NO;
				SWIFT_VERSION = 5.0;
				TARGETED_DEVICE_FAMILY = "1,2";
				TEST_HOST = "$(BUILT_PRODUCTS_DIR)/e-learning.app/e-learning";
			};
			name = Release;
		};
		B793B2C1274B937300319978 /* Debug */ = {
			isa = XCBuildConfiguration;
			buildSettings = {
				ALWAYS_EMBED_SWIFT_STANDARD_LIBRARIES = YES;
				CODE_SIGN_STYLE = Automatic;
				CURRENT_PROJECT_VERSION = 1;
				GENERATE_INFOPLIST_FILE = YES;
				LD_RUNPATH_SEARCH_PATHS = (
					"$(inherited)",
					"@executable_path/Frameworks",
					"@loader_path/Frameworks",
				);
				MARKETING_VERSION = 1.0;
				PRODUCT_BUNDLE_IDENTIFIER = "com.rohinirv.e-learningUITests";
				PRODUCT_NAME = "$(TARGET_NAME)";
				SWIFT_EMIT_LOC_STRINGS = NO;
				SWIFT_VERSION = 5.0;
				TARGETED_DEVICE_FAMILY = "1,2";
				TEST_TARGET_NAME = "e-learning";
			};
			name = Debug;
		};
		B793B2C2274B937300319978 /* Release */ = {
			isa = XCBuildConfiguration;
			buildSettings = {
				ALWAYS_EMBED_SWIFT_STANDARD_LIBRARIES = YES;
				CODE_SIGN_STYLE = Automatic;
				CURRENT_PROJECT_VERSION = 1;
				GENERATE_INFOPLIST_FILE = YES;
				LD_RUNPATH_SEARCH_PATHS = (
					"$(inherited)",
					"@executable_path/Frameworks",
					"@loader_path/Frameworks",
				);
				MARKETING_VERSION = 1.0;
				PRODUCT_BUNDLE_IDENTIFIER = "com.rohinirv.e-learningUITests";
				PRODUCT_NAME = "$(TARGET_NAME)";
				SWIFT_EMIT_LOC_STRINGS = NO;
				SWIFT_VERSION = 5.0;
				TARGETED_DEVICE_FAMILY = "1,2";
				TEST_TARGET_NAME = "e-learning";
			};
			name = Release;
		};
/* End XCBuildConfiguration section */

/* Begin XCConfigurationList section */
		B793B28C274B937000319978 /* Build configuration list for PBXProject "e-learning" */ = {
			isa = XCConfigurationList;
			buildConfigurations = (
				B793B2B8274B937300319978 /* Debug */,
				B793B2B9274B937300319978 /* Release */,
			);
			defaultConfigurationIsVisible = 0;
			defaultConfigurationName = Release;
		};
		B793B2BA274B937300319978 /* Build configuration list for PBXNativeTarget "e-learning" */ = {
			isa = XCConfigurationList;
			buildConfigurations = (
				B793B2BB274B937300319978 /* Debug */,
				B793B2BC274B937300319978 /* Release */,
			);
			defaultConfigurationIsVisible = 0;
			defaultConfigurationName = Release;
		};
		B793B2BD274B937300319978 /* Build configuration list for PBXNativeTarget "e-learningTests" */ = {
			isa = XCConfigurationList;
			buildConfigurations = (
				B793B2BE274B937300319978 /* Debug */,
				B793B2BF274B937300319978 /* Release */,
			);
			defaultConfigurationIsVisible = 0;
			defaultConfigurationName = Release;
		};
		B793B2C0274B937300319978 /* Build configuration list for PBXNativeTarget "e-learningUITests" */ = {
			isa = XCConfigurationList;
			buildConfigurations = (
				B793B2C1274B937300319978 /* Debug */,
				B793B2C2274B937300319978 /* Release */,
			);
			defaultConfigurationIsVisible = 0;
			defaultConfigurationName = Release;
		};
/* End XCConfigurationList section */

/* Begin XCVersionGroup section */
		B793B29F274B937300319978 /* e_learning.xcdatamodeld */ = {
			isa = XCVersionGroup;
			children = (
				B793B2A0274B937300319978 /* e_learning.xcdatamodel */,
			);
			currentVersion = B793B2A0274B937300319978 /* e_learning.xcdatamodel */;
			path = e_learning.xcdatamodeld;
			sourceTree = "<group>";
			versionGroupType = wrapper.xcdatamodel;
		};
/* End XCVersionGroup section */
	};
	rootObject = B793B289274B937000319978 /* Project object */;
}
